
Microsoft Visual Studio Solution File, Format Version 12.00
# Visual Studio Version 16
VisualStudioVersion = 16.0.31911.196
MinimumVisualStudioVersion = 10.0.40219.1
Project("{FAE04EC0-301F-11D3-BF4B-00C04F79EFBC}") = "WindowsForm6", "WindowsForm6\WindowsForm6.csproj", "{3BD9BEAC-219D-4066-A218-ED20DEBA5FCC}"
EndProject
Global
	GlobalSection(SolutionConfigurationPlatforms) = preSolution
		Debug|Any CPU = Debug|Any CPU
		Release|Any CPU = Release|Any CPU
	EndGlobalSection
	GlobalSection(ProjectConfigurationPlatforms) = postSolution
		{3BD9BEAC-219D-4066-A218-ED20DEBA5FCC}.Debug|Any CPU.ActiveCfg = Debug|Any CPU
		{3BD9BEAC-219D-4066-A218-ED20DEBA5FCC}.Debug|Any CPU.Build.0 = Debug|Any CPU
		{3BD9BEAC-219D-4066-A218-ED20DEBA5FCC}.Release|Any CPU.ActiveCfg = Release|Any CPU
		{3BD9BEAC-219D-4066-A218-ED20DEBA5FCC}.Release|Any CPU.Build.0 = Release|Any CPU
	EndGlobalSection
	GlobalSection(SolutionProperties) = preSolution
		HideSolutionNode = FALSE
	EndGlobalSection
	GlobalSection(ExtensibilityGlobals) = postSolution
		SolutionGuid = {FF72CAE3-F619-43DA-8FC1-A233F89BC71E}
	EndGlobalSection
EndGlobal
